
Microsoft Visual Studio Solution File, Format Version 12.00
# Visual Studio 15
VisualStudioVersion = 15.0.27130.2036
MinimumVisualStudioVersion = 10.0.40219.1
Project("{6EC3EE1D-3C4E-46DD-8F32-0CC8E7565705}") = "PollMentions", "PollMentions\PollMentions.fsproj", "{DCF6819E-DBA7-4761-AFA8-8DF9BEE36A6F}"
EndProject
Project("{6EC3EE1D-3C4E-46DD-8F32-0CC8E7565705}") = "ProcessMentions", "ProcessMentions\ProcessMentions.fsproj", "{99EA7A62-875B-47A6-B39C-11B5A4B66F3D}"
EndProject
Project("{2150E333-8FDC-42A3-9474-1A3956D46DE8}") = "Website", "Website", "{260FD5CD-EFB1-4ED1-8099-378546F4383E}"
	ProjectSection(SolutionItems) = preProject
		Website\codepointsplz.js = Website\codepointsplz.js
		Website\index.html = Website\index.html
	EndProjectSection
EndProject
Project("{6EC3EE1D-3C4E-46DD-8F32-0CC8E7565705}") = "WebBackend", "WebBackend\WebBackend.fsproj", "{568BB27D-81CA-4044-AEE8-1AF4F4B9A3B3}"
EndProject
Project("{6EC3EE1D-3C4E-46DD-8F32-0CC8E7565705}") = "SendReply", "SendReply\SendReply.fsproj", "{DC7EA31A-9915-4765-9535-5CCFCCC3F016}"
EndProject
Project("{6EC3EE1D-3C4E-46DD-8F32-0CC8E7565705}") = "Shared", "Shared\Shared.fsproj", "{21434D29-A897-43A5-B5C5-38137A49FEB3}"
EndProject
Project("{6EC3EE1D-3C4E-46DD-8F32-0CC8E7565705}") = "Test", "Test\Test.fsproj", "{18C95459-2849-4BFA-802A-E53B13156D0C}"
EndProject
Project("{2150E333-8FDC-42A3-9474-1A3956D46DE8}") = "Solution Items", "Solution Items", "{9493EC1F-1622-4F0C-837C-4918D94B4966}"
	ProjectSection(SolutionItems) = preProject
		build.ps1 = build.ps1
		pushToAzure.ps1 = pushToAzure.ps1
	EndProjectSection
EndProject
Global
	GlobalSection(SolutionConfigurationPlatforms) = preSolution
		Debug|Any CPU = Debug|Any CPU
		Release|Any CPU = Release|Any CPU
	EndGlobalSection
	GlobalSection(ProjectConfigurationPlatforms) = postSolution
		{DCF6819E-DBA7-4761-AFA8-8DF9BEE36A6F}.Debug|Any CPU.ActiveCfg = Debug|Any CPU
		{DCF6819E-DBA7-4761-AFA8-8DF9BEE36A6F}.Debug|Any CPU.Build.0 = Debug|Any CPU
		{DCF6819E-DBA7-4761-AFA8-8DF9BEE36A6F}.Release|Any CPU.ActiveCfg = Release|Any CPU
		{DCF6819E-DBA7-4761-AFA8-8DF9BEE36A6F}.Release|Any CPU.Build.0 = Release|Any CPU
		{99EA7A62-875B-47A6-B39C-11B5A4B66F3D}.Debug|Any CPU.ActiveCfg = Debug|Any CPU
		{99EA7A62-875B-47A6-B39C-11B5A4B66F3D}.Debug|Any CPU.Build.0 = Debug|Any CPU
		{99EA7A62-875B-47A6-B39C-11B5A4B66F3D}.Release|Any CPU.ActiveCfg = Release|Any CPU
		{99EA7A62-875B-47A6-B39C-11B5A4B66F3D}.Release|Any CPU.Build.0 = Release|Any CPU
		{568BB27D-81CA-4044-AEE8-1AF4F4B9A3B3}.Debug|Any CPU.ActiveCfg = Debug|Any CPU
		{568BB27D-81CA-4044-AEE8-1AF4F4B9A3B3}.Debug|Any CPU.Build.0 = Debug|Any CPU
		{568BB27D-81CA-4044-AEE8-1AF4F4B9A3B3}.Release|Any CPU.ActiveCfg = Release|Any CPU
		{568BB27D-81CA-4044-AEE8-1AF4F4B9A3B3}.Release|Any CPU.Build.0 = Release|Any CPU
		{DC7EA31A-9915-4765-9535-5CCFCCC3F016}.Debug|Any CPU.ActiveCfg = Debug|Any CPU
		{DC7EA31A-9915-4765-9535-5CCFCCC3F016}.Debug|Any CPU.Build.0 = Debug|Any CPU
		{DC7EA31A-9915-4765-9535-5CCFCCC3F016}.Release|Any CPU.ActiveCfg = Release|Any CPU
		{DC7EA31A-9915-4765-9535-5CCFCCC3F016}.Release|Any CPU.Build.0 = Release|Any CPU
		{21434D29-A897-43A5-B5C5-38137A49FEB3}.Debug|Any CPU.ActiveCfg = Debug|Any CPU
		{21434D29-A897-43A5-B5C5-38137A49FEB3}.Debug|Any CPU.Build.0 = Debug|Any CPU
		{21434D29-A897-43A5-B5C5-38137A49FEB3}.Release|Any CPU.ActiveCfg = Release|Any CPU
		{21434D29-A897-43A5-B5C5-38137A49FEB3}.Release|Any CPU.Build.0 = Release|Any CPU
		{18C95459-2849-4BFA-802A-E53B13156D0C}.Debug|Any CPU.ActiveCfg = Debug|Any CPU
		{18C95459-2849-4BFA-802A-E53B13156D0C}.Debug|Any CPU.Build.0 = Debug|Any CPU
		{18C95459-2849-4BFA-802A-E53B13156D0C}.Release|Any CPU.ActiveCfg = Release|Any CPU
		{18C95459-2849-4BFA-802A-E53B13156D0C}.Release|Any CPU.Build.0 = Release|Any CPU
	EndGlobalSection
	GlobalSection(SolutionProperties) = preSolution
		HideSolutionNode = FALSE
	EndGlobalSection
	GlobalSection(ExtensibilityGlobals) = postSolution
		SolutionGuid = {52A47EC5-E8F9-49DD-A614-946F53FF565E}
	EndGlobalSection
EndGlobal
